schema: '2.0'
stages:
  feature_engineering:
    cmd: python scripts/03_feature_engineering.py --input-path 
      raw/california_housing_raw.csv --output-path 
      interim/features_engineered.csv
    deps:
    - path: raw/california_housing_raw.csv
      md5: 477af09b14a4436e0f2475a4116d5132
      size: 2028521
    - path: scripts/03_feature_engineering.py
      md5: a3549f668574ac2b290a0790551454e6
      size: 6957
    outs:
    - path: interim/features_engineered.csv
      md5: 4f31893aa253c1742df1dc60f1c7bfec
      size: 2448073
  split_data:
    cmd: python scripts/04_split_data.py --input-path 
      interim/features_engineered.csv --output-dir processed --test-size 0.2 
      --random-state 42 --stratify
    deps:
    - path: interim/features_engineered.csv
      md5: 4f31893aa253c1742df1dc60f1c7bfec
      size: 2448073
    - path: scripts/04_split_data.py
      md5: 3ee7d81076f0ffed858a0cfba5e46c34
      size: 9639
    params:
      params.yaml:
        preprocess.random_state: 42
        preprocess.stratify: false
        preprocess.test_size: 0.2
    outs:
    - path: processed/test.csv
      md5: 9edb49ef270abeaf8276985abd2e204e
      size: 482701
    - path: processed/train.csv
      md5: d44f52e1d96ad0fb753295deb85a992f
      size: 1926315
