schema: '2.0'
stages:
  feature_engineering:
    cmd: python scripts/03_feature_engineering.py --input-path 
      raw/california_housing_raw.csv --output-path 
      interim/features_engineered.csv
    deps:
    - path: raw/california_housing_raw.csv
      md5: 50103d4a1fc6647b66b5a1180caeaf1b
      size: 1915790
    - path: scripts/03_feature_engineering.py
      md5: 40697e9072abaf6bc318ad53803d05ec
      size: 6958
    outs:
    - path: interim/features_engineered.csv
      md5: 74fbc252a995c58f5429ebb1d9d7a117
      size: 2195031
  split_data:
    cmd: python scripts/04_split_data.py --input-path 
      interim/features_engineered.csv --output-dir processed --test-size 0.2 
      --random-state 42 --stratify
    deps:
    - path: interim/features_engineered.csv
      md5: 74fbc252a995c58f5429ebb1d9d7a117
      size: 2195031
    - path: scripts/04_split_data.py
      md5: 4928bb07b4b7e250ec545d0d19dd110f
      size: 9666
    params:
      params.yaml:
        preprocess.random_state: 42
        preprocess.stratify: false
        preprocess.test_size: 0.2
    outs:
    - path: processed/test.csv
      md5: e23754b64e14802b8932852332cc337f
      size: 411627
    - path: processed/train.csv
      md5: 0305316b24cf58bb6aa35f6f0f278714
      size: 1642426
